
Microsoft Visual Studio Solution File, Format Version 11.00
# Visual Studio 2010
Project("{FAE04EC0-301F-11D3-BF4B-00C04F79EFBC}") = "Two10.AzureSugar", "AzureSugar\Two10.AzureSugar.csproj", "{6183FFB2-3FE4-441C-BEA6-A79E25EFBA01}"
EndProject
Project("{2150E333-8FDC-42A3-9474-1A3956D46DE8}") = "Solution Items", "Solution Items", "{0E938BFC-578E-4D5E-9D6F-83DAB0A9CCA7}"
	ProjectSection(SolutionItems) = preProject
		.gitignore = .gitignore
		LICENSE.txt = LICENSE.txt
		readme.markdown = readme.markdown
	EndProjectSection
EndProject
Global
	GlobalSection(SolutionConfigurationPlatforms) = preSolution
		Debug|Any CPU = Debug|Any CPU
		Release|Any CPU = Release|Any CPU
	EndGlobalSection
	GlobalSection(ProjectConfigurationPlatforms) = postSolution
		{6183FFB2-3FE4-441C-BEA6-A79E25EFBA01}.Debug|Any CPU.ActiveCfg = Debug|Any CPU
		{6183FFB2-3FE4-441C-BEA6-A79E25EFBA01}.Debug|Any CPU.Build.0 = Debug|Any CPU
		{6183FFB2-3FE4-441C-BEA6-A79E25EFBA01}.Release|Any CPU.ActiveCfg = Release|Any CPU
		{6183FFB2-3FE4-441C-BEA6-A79E25EFBA01}.Release|Any CPU.Build.0 = Release|Any CPU
	EndGlobalSection
	GlobalSection(SolutionProperties) = preSolution
		HideSolutionNode = FALSE
	EndGlobalSection
EndGlobal
